
Microsoft Visual Studio Solution File, Format Version 12.00
# Visual Studio Version 17
VisualStudioVersion = 17.8.34525.116
MinimumVisualStudioVersion = 10.0.40219.1
Project("{9A19103F-16F7-4668-BE54-9A1E7A4F7556}") = "Riva.BusinessLayer", "Riva.BusinessLayer.csproj", "{24D31C40-965C-4D83-B865-DA8CA7C7A8F0}"
EndProject
Global
	GlobalSection(SolutionConfigurationPlatforms) = preSolution
		Debug|Any CPU = Debug|Any CPU
		Release|Any CPU = Release|Any CPU
	EndGlobalSection
	GlobalSection(ProjectConfigurationPlatforms) = postSolution
		{24D31C40-965C-4D83-B865-DA8CA7C7A8F0}.Debug|Any CPU.ActiveCfg = Debug|Any CPU
		{24D31C40-965C-4D83-B865-DA8CA7C7A8F0}.Debug|Any CPU.Build.0 = Debug|Any CPU
		{24D31C40-965C-4D83-B865-DA8CA7C7A8F0}.Release|Any CPU.ActiveCfg = Release|Any CPU
		{24D31C40-965C-4D83-B865-DA8CA7C7A8F0}.Release|Any CPU.Build.0 = Release|Any CPU
	EndGlobalSection
	GlobalSection(SolutionProperties) = preSolution
		HideSolutionNode = FALSE
	EndGlobalSection
	GlobalSection(ExtensibilityGlobals) = postSolution
		SolutionGuid = {6A3FD57E-3BB8-4990-9108-94A1480CD453}
	EndGlobalSection
EndGlobal
